lockfileVersion: '9.0'

settings:
  autoInstallPeers: true
  excludeLinksFromLockfile: false

importers:

  .:
    dependencies:
      '@types/leaflet':
        specifier: ^1.9.21
        version: 1.9.21
      leaflet:
        specifier: ^1.9.4
        version: 1.9.4
      react:
        specifier: ~19.1.0
        version: 19.1.7
      react-dom:
        specifier: ~19.1.0
        version: 19.1.7(react@19.1.7)
      react-leaflet:
        specifier: ^5.0.0
        version: 5.0.0(leaflet@1.9.4)(react-dom@19.1.7(react@19.1.7))(react@19.1.7)

packages:

  '@react-leaflet/core@3.0.0':
    resolution: {integrity: sha512-3EWmekh4Nz+pGcr+xjf0KNyYfC3U2JjnkWsh0zcqaexYqmmB5ZhH37kz41JXGmKzpaMZCnPofBBm64i+YrEvGQ==}
    peerDependencies:
      leaflet: ^1.9.0
      react: ^19.0.0
      react-dom: ^19.0.0

  '@types/geojson@7946.0.16':
    resolution: {integrity: sha512-6C8nqWur3j98U6+lXDfTUWIfgvZU+EumvpHKcYjujKH7woYyLj2sUmff0tRhrqM7BohUw7Pz3ZB1jj2gW9Fvmg==}

  '@types/leaflet@1.9.21':
    resolution: {integrity: sha512-TbAd9DaPGSnzp6QvtYngntMZgcRk+igFELwR2N99XZn7RXUdKgsXMR+28bUO0rPsWp8MIu/f47luLIQuSLYv/w==}

  leaflet@1.9.4:
    resolution: {integrity: sha512-nxS1ynzJOmOlHp+iL3FyWqK89GtNL8U8rvlMOsQdTTssxZwCXh8N2NB3GDQOL+YR3XnWyZAxwQixURb+FA74PA==}

  react-dom@19.1.7:
    resolution: {integrity: sha512-hE2iTlqZDmmCBRpmXbzHJLngNeHfLtdMA1qp4eDreMgdtbCgFAWGJhvD2u1KF0UQe5W5y2cQkpjAYTGhXbil4A==}
    peerDependencies:
      react: ^19.1.7

  react-leaflet@5.0.0:
    resolution: {integrity: sha512-CWbTpr5vcHw5bt9i4zSlPEVQdTVcML390TjeDG0cK59z1ylexpqC6M1PJFjV8jD7CF+ACBFsLIDs6DRMoLEofw==}
    peerDependencies:
      leaflet: ^1.9.0
      react: ^19.0.0
      react-dom: ^19.0.0

  react@19.1.7:
    resolution: {integrity: sha512-sExZFfembjCLTr9ran4JS8W2Z9m3d0lbrOAuFreAR8krpw76YnK+lnzlkO4OvFjEuHzKc8rw94h0EAVSh/Gn+w==}
    engines: {node: '>=0.10.0'}

  scheduler@0.26.0:
    resolution: {integrity: sha512-NlHwttCI/l5gCPR3D1nNXtWABUmBwvZpEQiD4IXSbIDq8BzLIK/7Ir5gTFSGZDUu37K5cMNp0hFtzO38sC7gWA==}

snapshots:

  '@react-leaflet/core@3.0.0(leaflet@1.9.4)(react-dom@19.1.7(react@19.1.7))(react@19.1.7)':
    dependencies:
      leaflet: 1.9.4
      react: 19.1.7
      react-dom: 19.1.7(react@19.1.7)

  '@types/geojson@7946.0.16': {}

  '@types/leaflet@1.9.21':
    dependencies:
      '@types/geojson': 7946.0.16

  leaflet@1.9.4: {}

  react-dom@19.1.7(react@19.1.7):
    dependencies:
      react: 19.1.7
      scheduler: 0.26.0

  react-leaflet@5.0.0(leaflet@1.9.4)(react-dom@19.1.7(react@19.1.7))(react@19.1.7):
    dependencies:
      '@react-leaflet/core': 3.0.0(leaflet@1.9.4)(react-dom@19.1.7(react@19.1.7))(react@19.1.7)
      leaflet: 1.9.4
      react: 19.1.7
      react-dom: 19.1.7(react@19.1.7)

  react@19.1.7: {}

  scheduler@0.26.0: {}
